
Microsoft Visual Studio Solution File, Format Version 12.00
# Visual Studio Version 16
VisualStudioVersion = 16.0.31112.23
MinimumVisualStudioVersion = 10.0.40219.1
Project("{9A19103F-16F7-4668-BE54-9A1E7A4F7556}") = "WPFGameShop", "WPFGameShop\WPFGameShop.csproj", "{63BD4823-4FEC-466E-B4AE-05690219A804}"
EndProject
Project("{9A19103F-16F7-4668-BE54-9A1E7A4F7556}") = "UserControls", "..\UserControls\UserControls\UserControls.csproj", "{CAF2D2C5-D898-4329-93E1-31D43E33BA77}"
EndProject
Global
	GlobalSection(SolutionConfigurationPlatforms) = preSolution
		Debug|Any CPU = Debug|Any CPU
		Release|Any CPU = Release|Any CPU
	EndGlobalSection
	GlobalSection(ProjectConfigurationPlatforms) = postSolution
		{63BD4823-4FEC-466E-B4AE-05690219A804}.Debug|Any CPU.ActiveCfg = Debug|Any CPU
		{63BD4823-4FEC-466E-B4AE-05690219A804}.Debug|Any CPU.Build.0 = Debug|Any CPU
		{63BD4823-4FEC-466E-B4AE-05690219A804}.Release|Any CPU.ActiveCfg = Release|Any CPU
		{63BD4823-4FEC-466E-B4AE-05690219A804}.Release|Any CPU.Build.0 = Release|Any CPU
		{CAF2D2C5-D898-4329-93E1-31D43E33BA77}.Debug|Any CPU.ActiveCfg = Debug|Any CPU
		{CAF2D2C5-D898-4329-93E1-31D43E33BA77}.Debug|Any CPU.Build.0 = Debug|Any CPU
		{CAF2D2C5-D898-4329-93E1-31D43E33BA77}.Release|Any CPU.ActiveCfg = Release|Any CPU
		{CAF2D2C5-D898-4329-93E1-31D43E33BA77}.Release|Any CPU.Build.0 = Release|Any CPU
	EndGlobalSection
	GlobalSection(SolutionProperties) = preSolution
		HideSolutionNode = FALSE
	EndGlobalSection
	GlobalSection(ExtensibilityGlobals) = postSolution
		SolutionGuid = {92CD8D7C-5598-4830-9E61-E96CB00055AA}
	EndGlobalSection
EndGlobal
